<?xml version="1.0" encoding="utf-8"?>
<Project ToolsVersion="4.0" xmlns="http://schemas.microsoft.com/developer/msbuild/2003">
  <ItemGroup>
    <Filter Include="Source Files">
      <UniqueIdentifier>{84ad81e4-4c5e-4c5b-9df2-b63a05254167}</UniqueIdentifier>
      <Extensions>cpp;c;cxx;def;odl;idl;hpj;bat;asm</Extensions>
    </Filter>
    <Filter Include="Header Files">
      <UniqueIdentifier>{ac30a8ec-13a3-4aaf-ad4e-b50b085da008}</UniqueIdentifier>
      <Extensions>h;hpp;hxx;hm;inl;inc</Extensions>
    </Filter>
    <Filter Include="Resource Files">
      <UniqueIdentifier>{7b39699b-b604-42ed-86d9-074e5314a46a}</UniqueIdentifier>
      <Extensions>rc;ico;cur;bmp;dlg;rc2;rct;bin;rgs;gif;jpg;jpeg;jpe</Extensions>
    </Filter>
    <Filter Include="SpoutSDK">
      <UniqueIdentifier>{d14694f4-eb66-4f52-994a-c2d42d8d73be}</UniqueIdentifier>
    </Filter>
    <Filter Include="SpoutDX">
      <UniqueIdentifier>{36367de2-502a-4d5e-a1b5-0d3ca03e5a33}</UniqueIdentifier>
    </Filter>
  </ItemGroup>
  <ItemGroup>
    <ClCompile Include="SpoutWallPaper.cpp">
      <Filter>Source Files</Filter>
    </ClCompile>
    <ClCompile Include="..\..\SpoutGL\SpoutCopy.cpp">
      <Filter>SpoutSDK</Filter>
    </ClCompile>
    <ClCompile Include="..\..\SpoutGL\SpoutDirectX.cpp">
      <Filter>SpoutSDK</Filter>
    </ClCompile>
    <ClCompile Include="..\..\SpoutGL\SpoutFrameCount.cpp">
      <Filter>SpoutSDK</Filter>
    </ClCompile>
    <ClCompile Include="..\..\SpoutGL\SpoutSenderNames.cpp">
      <Filter>SpoutSDK</Filter>
    </ClCompile>
    <ClCompile Include="..\..\SpoutGL\SpoutSharedMemory.cpp">
      <Filter>SpoutSDK</Filter>
    </ClCompile>
    <ClCompile Include="..\..\SpoutGL\SpoutUtils.cpp">
      <Filter>SpoutSDK</Filter>
    </ClCompile>
    <ClCompile Include="..\..\SpoutDirectX\SpoutDX\SpoutDX.cpp">
      <Filter>SpoutDX</Filter>
    </ClCompile>
  </ItemGroup>
  <ItemGroup>
    <ClInclude Include="Resource.h">
      <Filter>Header Files</Filter>
    </ClInclude>
    <ClInclude Include="stdafx.h">
      <Filter>Header Files</Filter>
    </ClInclude>
    <ClInclude Include="..\..\SpoutGL\SpoutCommon.h">
      <Filter>SpoutSDK</Filter>
    </ClInclude>
    <ClInclude Include="..\..\SpoutGL\SpoutCopy.h">
      <Filter>SpoutSDK</Filter>
    </ClInclude>
    <ClInclude Include="..\..\SpoutGL\SpoutDirectX.h">
      <Filter>SpoutSDK</Filter>
    </ClInclude>
    <ClInclude Include="..\..\SpoutGL\SpoutFrameCount.h">
      <Filter>SpoutSDK</Filter>
    </ClInclude>
    <ClInclude Include="..\..\SpoutGL\SpoutSenderNames.h">
      <Filter>SpoutSDK</Filter>
    </ClInclude>
    <ClInclude Include="..\..\SpoutGL\SpoutSharedMemory.h">
      <Filter>SpoutSDK</Filter>
    </ClInclude>
    <ClInclude Include="..\..\SpoutGL\SpoutUtils.h">
      <Filter>SpoutSDK</Filter>
    </ClInclude>
    <ClInclude Include="..\..\SpoutDirectX\SpoutDX\SpoutDX.h">
      <Filter>SpoutDX</Filter>
    </ClInclude>
  </ItemGroup>
  <ItemGroup>
    <None Include="spout.ico">
      <Filter>Resource Files</Filter>
    </None>
  </ItemGroup>
  <ItemGroup>
    <ResourceCompile Include="resource.rc">
      <Filter>Resource Files</Filter>
    </ResourceCompile>
  </ItemGroup>
</Project>